// !$*UTF8*$!
{
	archiveVersion = 1;
	classes = {
	};
	objectVersion = 46;
	objects = {

/* Begin PBXBuildFile section */
		33EDE4E51C8B538000EEA3EA /* MatchGelVC.swift in Sources */ = {isa = PBXBuildFile; fileRef = 33EDE4E41C8B538000EEA3EA /* MatchGelVC.swift */; };
		33EDE4E81C8B53BE00EEA3EA /* csv.swift in Sources */ = {isa = PBXBuildFile; fileRef = 33EDE4E61C8B53BE00EEA3EA /* csv.swift */; };
		33EDE4E91C8B53BE00EEA3EA /* Extensions.swift in Sources */ = {isa = PBXBuildFile; fileRef = 33EDE4E71C8B53BE00EEA3EA /* Extensions.swift */; };
		33EDE4EB1C8B53E400EEA3EA /* GelRGB.swift in Sources */ = {isa = PBXBuildFile; fileRef = 33EDE4EA1C8B53E400EEA3EA /* GelRGB.swift */; };
		33EDE4EE1C8B549800EEA3EA /* gels2rgb.csv in Resources */ = {isa = PBXBuildFile; fileRef = 33EDE4ED1C8B549800EEA3EA /* gels2rgb.csv */; };
		33EDE4F21C8B54C600EEA3EA /* GelTableViewCell.swift in Sources */ = {isa = PBXBuildFile; fileRef = 33EDE4EF1C8B54C600EEA3EA /* GelTableViewCell.swift */; };
		33EDE4F31C8B54C600EEA3EA /* GelTableViewHeaderCell.swift in Sources */ = {isa = PBXBuildFile; fileRef = 33EDE4F01C8B54C600EEA3EA /* GelTableViewHeaderCell.swift */; };
		33EDE4F41C8B54C600EEA3EA /* LSColor.swift in Sources */ = {isa = PBXBuildFile; fileRef = 33EDE4F11C8B54C600EEA3EA /* LSColor.swift */; };
		33EDE5181C8DF6E500EEA3EA /* CreateFixtureTableViewController.swift in Sources */ = {isa = PBXBuildFile; fileRef = 33EDE5171C8DF6E400EEA3EA /* CreateFixtureTableViewController.swift */; };
		33EDE51A1C8E0CAF00EEA3EA /* FixtureTypeTableViewController.swift in Sources */ = {isa = PBXBuildFile; fileRef = 33EDE5191C8E0CAF00EEA3EA /* FixtureTypeTableViewController.swift */; };
		33EDE51C1C8F8DE500EEA3EA /* FixtureCategoryTableViewController.swift in Sources */ = {isa = PBXBuildFile; fileRef = 33EDE51B1C8F8DE400EEA3EA /* FixtureCategoryTableViewController.swift */; };
		3673E6AC53E58D1B5F7B7532 /* Pods_LS10_Project.framework in Frameworks */ = {isa = PBXBuildFile; fileRef = B57C2BA039F87B8D05B2C7ED /* Pods_LS10_Project.framework */; };
		F46FDA0F1C5FDC450087B35C /* AppDelegate.swift in Sources */ = {isa = PBXBuildFile; fileRef = F46FDA0E1C5FDC450087B35C /* AppDelegate.swift */; };
		F46FDA111C5FDC460087B35C /* ViewController.swift in Sources */ = {isa = PBXBuildFile; fileRef = F46FDA101C5FDC460087B35C /* ViewController.swift */; };
		F46FDA141C5FDC490087B35C /* Main.storyboard in Resources */ = {isa = PBXBuildFile; fileRef = F46FDA121C5FDC490087B35C /* Main.storyboard */; };
		F46FDA171C5FDC4C0087B35C /* LS_Layout.xcdatamodeld in Sources */ = {isa = PBXBuildFile; fileRef = F46FDA151C5FDC4C0087B35C /* LS_Layout.xcdatamodeld */; };
		F46FDA191C5FDC4D0087B35C /* Assets.xcassets in Resources */ = {isa = PBXBuildFile; fileRef = F46FDA181C5FDC4D0087B35C /* Assets.xcassets */; };
		F46FDA1C1C5FDC4F0087B35C /* LaunchScreen.storyboard in Resources */ = {isa = PBXBuildFile; fileRef = F46FDA1A1C5FDC4F0087B35C /* LaunchScreen.storyboard */; };
		F46FDA291C6015420087B35C /* ACNsend.swift in Sources */ = {isa = PBXBuildFile; fileRef = F46FDA281C6015420087B35C /* ACNsend.swift */; };
		F46FDA2D1C60155F0087B35C /* TableFixtureCell.swift in Sources */ = {isa = PBXBuildFile; fileRef = F46FDA2C1C60155F0087B35C /* TableFixtureCell.swift */; };
		F46FDA331C6016650087B35C /* Channel.swift in Sources */ = {isa = PBXBuildFile; fileRef = F46FDA311C6016650087B35C /* Channel.swift */; };
		F46FDA6B1C61535E0087B35C /* MaterialView.swift in Sources */ = {isa = PBXBuildFile; fileRef = F46FDA6A1C61535E0087B35C /* MaterialView.swift */; };
		F46FDA6D1C61536F0087B35C /* MaterialButton.swift in Sources */ = {isa = PBXBuildFile; fileRef = F46FDA6C1C61536F0087B35C /* MaterialButton.swift */; };
		F46FDA6F1C61537B0087B35C /* MaterialTextField.swift in Sources */ = {isa = PBXBuildFile; fileRef = F46FDA6E1C61537B0087B35C /* MaterialTextField.swift */; };
		F46FDA721C6157C40087B35C /* Constants.swift in Sources */ = {isa = PBXBuildFile; fileRef = F46FDA711C6157C40087B35C /* Constants.swift */; };
		F46FDA751C615D6C0087B35C /* CollectionFixtureCell.swift in Sources */ = {isa = PBXBuildFile; fileRef = F46FDA741C615D6C0087B35C /* CollectionFixtureCell.swift */; };
		F46FDA771C616E7D0087B35C /* CollectionFixtureVC.swift in Sources */ = {isa = PBXBuildFile; fileRef = F46FDA761C616E7D0087B35C /* CollectionFixtureVC.swift */; };
		F46FDAB51C6416400087B35C /* ColorPickerVC.swift in Sources */ = {isa = PBXBuildFile; fileRef = F46FDAB41C6416400087B35C /* ColorPickerVC.swift */; };
		F46FDB261C696A950087B35C /* StringUtils.swift in Sources */ = {isa = PBXBuildFile; fileRef = F46FDB251C696A950087B35C /* StringUtils.swift */; };
		F46FDB2A1C6D07E90087B35C /* CoreData.swift in Sources */ = {isa = PBXBuildFile; fileRef = F46FDB291C6D07E90087B35C /* CoreData.swift */; };
		F46FDB2C1C6D69C30087B35C /* Channel+CoreDataProperties.swift in Sources */ = {isa = PBXBuildFile; fileRef = F46FDB2B1C6D69C30087B35C /* Channel+CoreDataProperties.swift */; };
/* End PBXBuildFile section */

/* Begin PBXFileReference section */
		33EDE4E41C8B538000EEA3EA /* MatchGelVC.swift */ = {isa = PBXFileReference; fileEncoding = 4; lastKnownFileType = sourcecode.swift; path = MatchGelVC.swift; sourceTree = "<group>"; };
		33EDE4E61C8B53BE00EEA3EA /* csv.swift */ = {isa = PBXFileReference; fileEncoding = 4; lastKnownFileType = sourcecode.swift; path = csv.swift; sourceTree = "<group>"; };
		33EDE4E71C8B53BE00EEA3EA /* Extensions.swift */ = {isa = PBXFileReference; fileEncoding = 4; lastKnownFileType = sourcecode.swift; path = Extensions.swift; sourceTree = "<group>"; };
		33EDE4EA1C8B53E400EEA3EA /* GelRGB.swift */ = {isa = PBXFileReference; fileEncoding = 4; lastKnownFileType = sourcecode.swift; path = GelRGB.swift; sourceTree = "<group>"; };
		33EDE4ED1C8B549800EEA3EA /* gels2rgb.csv */ = {isa = PBXFileReference; fileEncoding = 4; lastKnownFileType = text; path = gels2rgb.csv; sourceTree = "<group>"; };
		33EDE4EF1C8B54C600EEA3EA /* GelTableViewCell.swift */ = {isa = PBXFileReference; fileEncoding = 4; lastKnownFileType = sourcecode.swift; path = GelTableViewCell.swift; sourceTree = "<group>"; };
		33EDE4F01C8B54C600EEA3EA /* GelTableViewHeaderCell.swift */ = {isa = PBXFileReference; fileEncoding = 4; lastKnownFileType = sourcecode.swift; path = GelTableViewHeaderCell.swift; sourceTree = "<group>"; };
		33EDE4F11C8B54C600EEA3EA /* LSColor.swift */ = {isa = PBXFileReference; fileEncoding = 4; lastKnownFileType = sourcecode.swift; path = LSColor.swift; sourceTree = "<group>"; };
		33EDE5171C8DF6E400EEA3EA /* CreateFixtureTableViewController.swift */ = {isa = PBXFileReference; fileEncoding = 4; lastKnownFileType = sourcecode.swift; path = CreateFixtureTableViewController.swift; sourceTree = "<group>"; };
		33EDE5191C8E0CAF00EEA3EA /* FixtureTypeTableViewController.swift */ = {isa = PBXFileReference; fileEncoding = 4; lastKnownFileType = sourcecode.swift; path = FixtureTypeTableViewController.swift; sourceTree = "<group>"; };
		33EDE51B1C8F8DE400EEA3EA /* FixtureCategoryTableViewController.swift */ = {isa = PBXFileReference; fileEncoding = 4; lastKnownFileType = sourcecode.swift; path = FixtureCategoryTableViewController.swift; sourceTree = "<group>"; };
		37C4DDD9CCF0D40A50D5019C /* Pods-LS10_Project.release.xcconfig */ = {isa = PBXFileReference; includeInIndex = 1; lastKnownFileType = text.xcconfig; name = "Pods-LS10_Project.release.xcconfig"; path = "Pods/Target Support Files/Pods-LS10_Project/Pods-LS10_Project.release.xcconfig"; sourceTree = "<group>"; };
		B57C2BA039F87B8D05B2C7ED /* Pods_LS10_Project.framework */ = {isa = PBXFileReference; explicitFileType = wrapper.framework; includeInIndex = 0; path = Pods_LS10_Project.framework; sourceTree = BUILT_PRODUCTS_DIR; };
		D4D6BD2CCBD95F4E26E33C0D /* Pods-LS10_Project.debug.xcconfig */ = {isa = PBXFileReference; includeInIndex = 1; lastKnownFileType = text.xcconfig; name = "Pods-LS10_Project.debug.xcconfig"; path = "Pods/Target Support Files/Pods-LS10_Project/Pods-LS10_Project.debug.xcconfig"; sourceTree = "<group>"; };
		F46FDA0B1C5FDC440087B35C /* LS10_Project.app */ = {isa = PBXFileReference; explicitFileType = wrapper.application; includeInIndex = 0; path = LS10_Project.app; sourceTree = BUILT_PRODUCTS_DIR; };
		F46FDA0E1C5FDC450087B35C /* AppDelegate.swift */ = {isa = PBXFileReference; lastKnownFileType = sourcecode.swift; path = AppDelegate.swift; sourceTree = "<group>"; };
		F46FDA101C5FDC460087B35C /* ViewController.swift */ = {isa = PBXFileReference; lastKnownFileType = sourcecode.swift; path = ViewController.swift; sourceTree = "<group>"; };
		F46FDA131C5FDC490087B35C /* Base */ = {isa = PBXFileReference; lastKnownFileType = file.storyboard; name = Base; path = Base.lproj/Main.storyboard; sourceTree = "<group>"; };
		F46FDA161C5FDC4C0087B35C /* LS_Layout.xcdatamodel */ = {isa = PBXFileReference; lastKnownFileType = wrapper.xcdatamodel; path = LS_Layout.xcdatamodel; sourceTree = "<group>"; };
		F46FDA181C5FDC4D0087B35C /* Assets.xcassets */ = {isa = PBXFileReference; lastKnownFileType = folder.assetcatalog; path = Assets.xcassets; sourceTree = "<group>"; };
		F46FDA1B1C5FDC4F0087B35C /* Base */ = {isa = PBXFileReference; lastKnownFileType = file.storyboard; name = Base; path = Base.lproj/LaunchScreen.storyboard; sourceTree = "<group>"; };
		F46FDA1D1C5FDC500087B35C /* Info.plist */ = {isa = PBXFileReference; lastKnownFileType = text.plist.xml; path = Info.plist; sourceTree = "<group>"; };
		F46FDA281C6015420087B35C /* ACNsend.swift */ = {isa = PBXFileReference; fileEncoding = 4; lastKnownFileType = sourcecode.swift; path = ACNsend.swift; sourceTree = "<group>"; };
		F46FDA2C1C60155F0087B35C /* TableFixtureCell.swift */ = {isa = PBXFileReference; fileEncoding = 4; lastKnownFileType = sourcecode.swift; path = TableFixtureCell.swift; sourceTree = "<group>"; };
		F46FDA311C6016650087B35C /* Channel.swift */ = {isa = PBXFileReference; fileEncoding = 4; lastKnownFileType = sourcecode.swift; name = Channel.swift; path = ../Channel.swift; sourceTree = "<group>"; };
		F46FDA6A1C61535E0087B35C /* MaterialView.swift */ = {isa = PBXFileReference; fileEncoding = 4; lastKnownFileType = sourcecode.swift; path = MaterialView.swift; sourceTree = "<group>"; };
		F46FDA6C1C61536F0087B35C /* MaterialButton.swift */ = {isa = PBXFileReference; fileEncoding = 4; lastKnownFileType = sourcecode.swift; path = MaterialButton.swift; sourceTree = "<group>"; };
		F46FDA6E1C61537B0087B35C /* MaterialTextField.swift */ = {isa = PBXFileReference; fileEncoding = 4; lastKnownFileType = sourcecode.swift; path = MaterialTextField.swift; sourceTree = "<group>"; };
		F46FDA711C6157C40087B35C /* Constants.swift */ = {isa = PBXFileReference; fileEncoding = 4; lastKnownFileType = sourcecode.swift; path = Constants.swift; sourceTree = "<group>"; };
		F46FDA741C615D6C0087B35C /* CollectionFixtureCell.swift */ = {isa = PBXFileReference; fileEncoding = 4; lastKnownFileType = sourcecode.swift; path = CollectionFixtureCell.swift; sourceTree = "<group>"; };
		F46FDA761C616E7D0087B35C /* CollectionFixtureVC.swift */ = {isa = PBXFileReference; fileEncoding = 4; lastKnownFileType = sourcecode.swift; path = CollectionFixtureVC.swift; sourceTree = "<group>"; };
		F46FDAB41C6416400087B35C /* ColorPickerVC.swift */ = {isa = PBXFileReference; fileEncoding = 4; lastKnownFileType = sourcecode.swift; path = ColorPickerVC.swift; sourceTree = "<group>"; };
		F46FDB251C696A950087B35C /* StringUtils.swift */ = {isa = PBXFileReference; fileEncoding = 4; lastKnownFileType = sourcecode.swift; path = StringUtils.swift; sourceTree = "<group>"; };
		F46FDB291C6D07E90087B35C /* CoreData.swift */ = {isa = PBXFileReference; fileEncoding = 4; lastKnownFileType = sourcecode.swift; path = CoreData.swift; sourceTree = "<group>"; };
		F46FDB2B1C6D69C30087B35C /* Channel+CoreDataProperties.swift */ = {isa = PBXFileReference; fileEncoding = 4; lastKnownFileType = sourcecode.swift; name = "Channel+CoreDataProperties.swift"; path = "../Channel+CoreDataProperties.swift"; sourceTree = "<group>"; };
/* End PBXFileReference section */

/* Begin PBXFrameworksBuildPhase section */
		F46FDA081C5FDC440087B35C /* Frameworks */ = {
			isa = PBXFrameworksBuildPhase;
			buildActionMask = 2147483647;
			files = (
				3673E6AC53E58D1B5F7B7532 /* Pods_LS10_Project.framework in Frameworks */,
			);
			runOnlyForDeploymentPostprocessing = 0;
		};
/* End PBXFrameworksBuildPhase section */

/* Begin PBXGroup section */
		318F7EEFDEB98113AD59993F /* Pods */ = {
			isa = PBXGroup;
			children = (
				D4D6BD2CCBD95F4E26E33C0D /* Pods-LS10_Project.debug.xcconfig */,
				37C4DDD9CCF0D40A50D5019C /* Pods-LS10_Project.release.xcconfig */,
			);
			name = Pods;
			sourceTree = "<group>";
		};
		333A553A1C9497BE00692414 /* ColorP Picker */ = {
			isa = PBXGroup;
			children = (
				F46FDAB41C6416400087B35C /* ColorPickerVC.swift */,
				33EDE4E41C8B538000EEA3EA /* MatchGelVC.swift */,
				33EDE4F01C8B54C600EEA3EA /* GelTableViewHeaderCell.swift */,
				33EDE4EF1C8B54C600EEA3EA /* GelTableViewCell.swift */,
			);
			name = "ColorP Picker";
			sourceTree = "<group>";
		};
		333A553B1C9497D300692414 /* Create Fixture */ = {
			isa = PBXGroup;
			children = (
				33EDE5171C8DF6E400EEA3EA /* CreateFixtureTableViewController.swift */,
				33EDE5191C8E0CAF00EEA3EA /* FixtureTypeTableViewController.swift */,
				33EDE51B1C8F8DE400EEA3EA /* FixtureCategoryTableViewController.swift */,
			);
			name = "Create Fixture";
			sourceTree = "<group>";
		};
		33EDE4EC1C8B546E00EEA3EA /* Support */ = {
			isa = PBXGroup;
			children = (
				33EDE4ED1C8B549800EEA3EA /* gels2rgb.csv */,
			);
			name = Support;
			sourceTree = "<group>";
		};
		B36778A158321B1774CBAC69 /* Frameworks */ = {
			isa = PBXGroup;
			children = (
				B57C2BA039F87B8D05B2C7ED /* Pods_LS10_Project.framework */,
			);
			name = Frameworks;
			sourceTree = "<group>";
		};
		F46FDA021C5FDC430087B35C = {
			isa = PBXGroup;
			children = (
				F46FDA121C5FDC490087B35C /* Main.storyboard */,
				F46FDA1A1C5FDC4F0087B35C /* LaunchScreen.storyboard */,
				F46FDA271C60150E0087B35C /* Model */,
				F46FDA261C6015060087B35C /* Views */,
				F46FDA251C6014F50087B35C /* Controller */,
				F46FDA731C6157E00087B35C /* Util */,
				33EDE4EC1C8B546E00EEA3EA /* Support */,
				F46FDA341C60262C0087B35C /* Background */,
				F46FDA0C1C5FDC440087B35C /* Products */,
				B36778A158321B1774CBAC69 /* Frameworks */,
				318F7EEFDEB98113AD59993F /* Pods */,
			);
			sourceTree = "<group>";
		};
		F46FDA0C1C5FDC440087B35C /* Products */ = {
			isa = PBXGroup;
			children = (
				F46FDA0B1C5FDC440087B35C /* LS10_Project.app */,
			);
			name = Products;
			sourceTree = "<group>";
		};
		F46FDA251C6014F50087B35C /* Controller */ = {
			isa = PBXGroup;
			children = (
				333A553B1C9497D300692414 /* Create Fixture */,
				333A553A1C9497BE00692414 /* ColorP Picker */,
				F46FDA101C5FDC460087B35C /* ViewController.swift */,
				F46FDA2C1C60155F0087B35C /* TableFixtureCell.swift */,
				F46FDA741C615D6C0087B35C /* CollectionFixtureCell.swift */,
				F46FDA761C616E7D0087B35C /* CollectionFixtureVC.swift */,
			);
			name = Controller;
			path = LS_Layout;
			sourceTree = "<group>";
		};
		F46FDA261C6015060087B35C /* Views */ = {
			isa = PBXGroup;
			children = (
				F46FDA0E1C5FDC450087B35C /* AppDelegate.swift */,
				F46FDA6A1C61535E0087B35C /* MaterialView.swift */,
				F46FDA6C1C61536F0087B35C /* MaterialButton.swift */,
				F46FDA6E1C61537B0087B35C /* MaterialTextField.swift */,
			);
			name = Views;
			path = LS_Layout;
			sourceTree = "<group>";
		};
		F46FDA271C60150E0087B35C /* Model */ = {
			isa = PBXGroup;
			children = (
				F46FDA151C5FDC4C0087B35C /* LS_Layout.xcdatamodeld */,
				F46FDA311C6016650087B35C /* Channel.swift */,
				F46FDB2B1C6D69C30087B35C /* Channel+CoreDataProperties.swift */,
				33EDE4EA1C8B53E400EEA3EA /* GelRGB.swift */,
				F46FDB291C6D07E90087B35C /* CoreData.swift */,
				33EDE4F11C8B54C600EEA3EA /* LSColor.swift */,
			);
			name = Model;
			path = LS_Layout;
			sourceTree = "<group>";
		};
		F46FDA341C60262C0087B35C /* Background */ = {
			isa = PBXGroup;
			children = (
				F46FDA281C6015420087B35C /* ACNsend.swift */,
			);
			name = Background;
			path = LS_Layout;
			sourceTree = "<group>";
		};
		F46FDA731C6157E00087B35C /* Util */ = {
			isa = PBXGroup;
			children = (
				F46FDA1D1C5FDC500087B35C /* Info.plist */,
				F46FDA181C5FDC4D0087B35C /* Assets.xcassets */,
				33EDE4E61C8B53BE00EEA3EA /* csv.swift */,
				33EDE4E71C8B53BE00EEA3EA /* Extensions.swift */,
				F46FDA711C6157C40087B35C /* Constants.swift */,
				F46FDB251C696A950087B35C /* StringUtils.swift */,
			);
			name = Util;
			path = LS_Layout;
			sourceTree = "<group>";
		};
/* End PBXGroup section */

/* Begin PBXNativeTarget section */
		F46FDA0A1C5FDC440087B35C /* LS10_Project */ = {
			isa = PBXNativeTarget;
			buildConfigurationList = F46FDA201C5FDC500087B35C /* Build configuration list for PBXNativeTarget "LS10_Project" */;
			buildPhases = (
				99EFAD3CCB1AAE32A2E8388C /* Check Pods Manifest.lock */,
				F46FDA071C5FDC440087B35C /* Sources */,
				F46FDA081C5FDC440087B35C /* Frameworks */,
				F46FDA091C5FDC440087B35C /* Resources */,
				9FCDF22800BBD27C0BB71A65 /* Embed Pods Frameworks */,
				C6F8CAF2AA6F6BA25850EA27 /* Copy Pods Resources */,
			);
			buildRules = (
			);
			dependencies = (
			);
			name = LS10_Project;
			productName = LS_Layout;
			productReference = F46FDA0B1C5FDC440087B35C /* LS10_Project.app */;
			productType = "com.apple.product-type.application";
		};
/* End PBXNativeTarget section */

/* Begin PBXProject section */
		F46FDA031C5FDC430087B35C /* Project object */ = {
			isa = PBXProject;
			attributes = {
				LastSwiftMigration = 0720;
				LastSwiftUpdateCheck = 0720;
				LastUpgradeCheck = 0720;
				ORGANIZATIONNAME = Pearlmanoffice;
				TargetAttributes = {
					F46FDA0A1C5FDC440087B35C = {
						CreatedOnToolsVersion = 7.2;
						DevelopmentTeam = HF6B889BA4;
					};
				};
			};
			buildConfigurationList = F46FDA061C5FDC430087B35C /* Build configuration list for PBXProject "LS10_Project" */;
			compatibilityVersion = "Xcode 3.2";
			developmentRegion = English;
			hasScannedForEncodings = 0;
			knownRegions = (
				en,
				Base,
			);
			mainGroup = F46FDA021C5FDC430087B35C;
			productRefGroup = F46FDA0C1C5FDC440087B35C /* Products */;
			projectDirPath = "";
			projectRoot = "";
			targets = (
				F46FDA0A1C5FDC440087B35C /* LS10_Project */,
			);
		};
/* End PBXProject section */

/* Begin PBXResourcesBuildPhase section */
		F46FDA091C5FDC440087B35C /* Resources */ = {
			isa = PBXResourcesBuildPhase;
			buildActionMask = 2147483647;
			files = (
				F46FDA1C1C5FDC4F0087B35C /* LaunchScreen.storyboard in Resources */,
				F46FDA191C5FDC4D0087B35C /* Assets.xcassets in Resources */,
				33EDE4EE1C8B549800EEA3EA /* gels2rgb.csv in Resources */,
				F46FDA141C5FDC490087B35C /* Main.storyboard in Resources */,
			);
			runOnlyForDeploymentPostprocessing = 0;
		};
/* End PBXResourcesBuildPhase section */

/* Begin PBXShellScriptBuildPhase section */
		99EFAD3CCB1AAE32A2E8388C /* Check Pods Manifest.lock */ = {
			isa = PBXShellScriptBuildPhase;
			buildActionMask = 2147483647;
			files = (
			);
			inputPaths = (
			);
			name = "Check Pods Manifest.lock";
			outputPaths = (
			);
			runOnlyForDeploymentPostprocessing = 0;
			shellPath = /bin/sh;
			shellScript = "diff \"${PODS_ROOT}/../Podfile.lock\" \"${PODS_ROOT}/Manifest.lock\" > /dev/null\nif [[ $? != 0 ]] ; then\n    cat << EOM\nerror: The sandbox is not in sync with the Podfile.lock. Run 'pod install' or update your CocoaPods installation.\nEOM\n    exit 1\nfi\n";
			showEnvVarsInLog = 0;
		};
		9FCDF22800BBD27C0BB71A65 /* Embed Pods Frameworks */ = {
			isa = PBXShellScriptBuildPhase;
			buildActionMask = 2147483647;
			files = (
			);
			inputPaths = (
			);
			name = "Embed Pods Frameworks";
			outputPaths = (
			);
			runOnlyForDeploymentPostprocessing = 0;
			shellPath = /bin/sh;
			shellScript = "\"${SRCROOT}/Pods/Target Support Files/Pods-LS10_Project/Pods-LS10_Project-frameworks.sh\"\n";
			showEnvVarsInLog = 0;
		};
		C6F8CAF2AA6F6BA25850EA27 /* Copy Pods Resources */ = {
			isa = PBXShellScriptBuildPhase;
			buildActionMask = 2147483647;
			files = (
			);
			inputPaths = (
			);
			name = "Copy Pods Resources";
			outputPaths = (
			);
			runOnlyForDeploymentPostprocessing = 0;
			shellPath = /bin/sh;
			shellScript = "\"${SRCROOT}/Pods/Target Support Files/Pods-LS10_Project/Pods-LS10_Project-resources.sh\"\n";
			showEnvVarsInLog = 0;
		};
/* End PBXShellScriptBuildPhase section */

/* Begin PBXSourcesBuildPhase section */
		F46FDA071C5FDC440087B35C /* Sources */ = {
			isa = PBXSourcesBuildPhase;
			buildActionMask = 2147483647;
			files = (
				F46FDA291C6015420087B35C /* ACNsend.swift in Sources */,
				F46FDA331C6016650087B35C /* Channel.swift in Sources */,
				33EDE51C1C8F8DE500EEA3EA /* FixtureCategoryTableViewController.swift in Sources */,
				33EDE4F21C8B54C600EEA3EA /* GelTableViewCell.swift in Sources */,
				F46FDB2A1C6D07E90087B35C /* CoreData.swift in Sources */,
				33EDE4EB1C8B53E400EEA3EA /* GelRGB.swift in Sources */,
				F46FDA2D1C60155F0087B35C /* TableFixtureCell.swift in Sources */,
				F46FDA6F1C61537B0087B35C /* MaterialTextField.swift in Sources */,
				F46FDB261C696A950087B35C /* StringUtils.swift in Sources */,
				F46FDA6B1C61535E0087B35C /* MaterialView.swift in Sources */,
				33EDE5181C8DF6E500EEA3EA /* CreateFixtureTableViewController.swift in Sources */,
				F46FDB2C1C6D69C30087B35C /* Channel+CoreDataProperties.swift in Sources */,
				F46FDA6D1C61536F0087B35C /* MaterialButton.swift in Sources */,
				F46FDA171C5FDC4C0087B35C /* LS_Layout.xcdatamodeld in Sources */,
				33EDE4E81C8B53BE00EEA3EA /* csv.swift in Sources */,
				F46FDA111C5FDC460087B35C /* ViewController.swift in Sources */,
				33EDE4E51C8B538000EEA3EA /* MatchGelVC.swift in Sources */,
				F46FDA751C615D6C0087B35C /* CollectionFixtureCell.swift in Sources */,
				F46FDA771C616E7D0087B35C /* CollectionFixtureVC.swift in Sources */,
				33EDE4E91C8B53BE00EEA3EA /* Extensions.swift in Sources */,
				33EDE4F31C8B54C600EEA3EA /* GelTableViewHeaderCell.swift in Sources */,
				F46FDA0F1C5FDC450087B35C /* AppDelegate.swift in Sources */,
				F46FDAB51C6416400087B35C /* ColorPickerVC.swift in Sources */,
				33EDE4F41C8B54C600EEA3EA /* LSColor.swift in Sources */,
				F46FDA721C6157C40087B35C /* Constants.swift in Sources */,
				33EDE51A1C8E0CAF00EEA3EA /* FixtureTypeTableViewController.swift in Sources */,
			);
			runOnlyForDeploymentPostprocessing = 0;
		};
/* End PBXSourcesBuildPhase section */

/* Begin PBXVariantGroup section */
		F46FDA121C5FDC490087B35C /* Main.storyboard */ = {
			isa = PBXVariantGroup;
			children = (
				F46FDA131C5FDC490087B35C /* Base */,
			);
			name = Main.storyboard;
			path = LS_Layout;
			sourceTree = "<group>";
		};
		F46FDA1A1C5FDC4F0087B35C /* LaunchScreen.storyboard */ = {
			isa = PBXVariantGroup;
			children = (
				F46FDA1B1C5FDC4F0087B35C /* Base */,
			);
			name = LaunchScreen.storyboard;
			path = LS_Layout;
			sourceTree = "<group>";
		};
/* End PBXVariantGroup section */

/* Begin XCBuildConfiguration section */
		F46FDA1E1C5FDC500087B35C /* Debug */ = {
			isa = XCBuildConfiguration;
			buildSettings = {
				ALWAYS_SEARCH_USER_PATHS = NO;
				CLANG_CXX_LANGUAGE_STANDARD = "gnu++0x";
				CLANG_CXX_LIBRARY = "libc++";
				CLANG_ENABLE_MODULES = YES;
				CLANG_ENABLE_OBJC_ARC = YES;
				CLANG_WARN_BOOL_CONVERSION = YES;
				CLANG_WARN_CONSTANT_CONVERSION = YES;
				CLANG_WARN_DIRECT_OBJC_ISA_USAGE = YES_ERROR;
				CLANG_WARN_EMPTY_BODY = YES;
				CLANG_WARN_ENUM_CONVERSION = YES;
				CLANG_WARN_INT_CONVERSION = YES;
				CLANG_WARN_OBJC_ROOT_CLASS = YES_ERROR;
				CLANG_WARN_UNREACHABLE_CODE = YES;
				CLANG_WARN__DUPLICATE_METHOD_MATCH = YES;
				"CODE_SIGN_IDENTITY[sdk=iphoneos*]" = "iPhone Developer";
				COPY_PHASE_STRIP = NO;
				DEBUG_INFORMATION_FORMAT = dwarf;
				ENABLE_STRICT_OBJC_MSGSEND = YES;
				ENABLE_TESTABILITY = YES;
				GCC_C_LANGUAGE_STANDARD = gnu99;
				GCC_DYNAMIC_NO_PIC = NO;
				GCC_NO_COMMON_BLOCKS = YES;
				GCC_OPTIMIZATION_LEVEL = 0;
				GCC_PREPROCESSOR_DEFINITIONS = (
					"DEBUG=1",
					"$(inherited)",
				);
				GCC_WARN_64_TO_32_BIT_CONVERSION = YES;
				GCC_WARN_ABOUT_RETURN_TYPE = YES_ERROR;
				GCC_WARN_UNDECLARED_SELECTOR = YES;
				GCC_WARN_UNINITIALIZED_AUTOS = YES_AGGRESSIVE;
				GCC_WARN_UNUSED_FUNCTION = YES;
				GCC_WARN_UNUSED_VARIABLE = YES;
				IPHONEOS_DEPLOYMENT_TARGET = 9.2;
				MTL_ENABLE_DEBUG_INFO = YES;
				ONLY_ACTIVE_ARCH = YES;
				SDKROOT = iphoneos;
				SWIFT_OPTIMIZATION_LEVEL = "-Onone";
				TARGETED_DEVICE_FAMILY = "1,2";
			};
			name = Debug;
		};
		F46FDA1F1C5FDC500087B35C /* Release */ = {
			isa = XCBuildConfiguration;
			buildSettings = {
				ALWAYS_SEARCH_USER_PATHS = NO;
				CLANG_CXX_LANGUAGE_STANDARD = "gnu++0x";
				CLANG_CXX_LIBRARY = "libc++";
				CLANG_ENABLE_MODULES = YES;
				CLANG_ENABLE_OBJC_ARC = YES;
				CLANG_WARN_BOOL_CONVERSION = YES;
				CLANG_WARN_CONSTANT_CONVERSION = YES;
				CLANG_WARN_DIRECT_OBJC_ISA_USAGE = YES_ERROR;
				CLANG_WARN_EMPTY_BODY = YES;
				CLANG_WARN_ENUM_CONVERSION = YES;
				CLANG_WARN_INT_CONVERSION = YES;
				CLANG_WARN_OBJC_ROOT_CLASS = YES_ERROR;
				CLANG_WARN_UNREACHABLE_CODE = YES;
				CLANG_WARN__DUPLICATE_METHOD_MATCH = YES;
				"CODE_SIGN_IDENTITY[sdk=iphoneos*]" = "iPhone Developer";
				COPY_PHASE_STRIP = NO;
				DEBUG_INFORMATION_FORMAT = "dwarf-with-dsym";
				ENABLE_NS_ASSERTIONS = NO;
				ENABLE_STRICT_OBJC_MSGSEND = YES;
				GCC_C_LANGUAGE_STANDARD = gnu99;
				GCC_NO_COMMON_BLOCKS = YES;
				GCC_WARN_64_TO_32_BIT_CONVERSION = YES;
				GCC_WARN_ABOUT_RETURN_TYPE = YES_ERROR;
				GCC_WARN_UNDECLARED_SELECTOR = YES;
				GCC_WARN_UNINITIALIZED_AUTOS = YES_AGGRESSIVE;
				GCC_WARN_UNUSED_FUNCTION = YES;
				GCC_WARN_UNUSED_VARIABLE = YES;
				IPHONEOS_DEPLOYMENT_TARGET = 9.2;
				MTL_ENABLE_DEBUG_INFO = NO;
				SDKROOT = iphoneos;
				TARGETED_DEVICE_FAMILY = "1,2";
				VALIDATE_PRODUCT = YES;
			};
			name = Release;
		};
		F46FDA211C5FDC500087B35C /* Debug */ = {
			isa = XCBuildConfiguration;
			baseConfigurationReference = D4D6BD2CCBD95F4E26E33C0D /* Pods-LS10_Project.debug.xcconfig */;
			buildSettings = {
				ASSETCATALOG_COMPILER_APPICON_NAME = AppIcon;
				CODE_SIGN_IDENTITY = "iPhone Developer";
				"CODE_SIGN_IDENTITY[sdk=iphoneos*]" = "iPhone Developer";
				INFOPLIST_FILE = LS_Layout/Info.plist;
				LD_RUNPATH_SEARCH_PATHS = "$(inherited) @executable_path/Frameworks";
				PRODUCT_BUNDLE_IDENTIFIER = "com.pearlmanoffice.LS-Layout";
				PRODUCT_NAME = LS10_Project;
				PROVISIONING_PROFILE = "";
			};
			name = Debug;
		};
		F46FDA221C5FDC500087B35C /* Release */ = {
			isa = XCBuildConfiguration;
			baseConfigurationReference = 37C4DDD9CCF0D40A50D5019C /* Pods-LS10_Project.release.xcconfig */;
			buildSettings = {
				ASSETCATALOG_COMPILER_APPICON_NAME = AppIcon;
				CODE_SIGN_IDENTITY = "iPhone Developer";
				"CODE_SIGN_IDENTITY[sdk=iphoneos*]" = "iPhone Developer";
				INFOPLIST_FILE = LS_Layout/Info.plist;
				LD_RUNPATH_SEARCH_PATHS = "$(inherited) @executable_path/Frameworks";
				PRODUCT_BUNDLE_IDENTIFIER = "com.pearlmanoffice.LS-Layout";
				PRODUCT_NAME = LS10_Project;
				PROVISIONING_PROFILE = "";
			};
			name = Release;
		};
/* End XCBuildConfiguration section */

/* Begin XCConfigurationList section */
		F46FDA061C5FDC430087B35C /* Build configuration list for PBXProject "LS10_Project" */ = {
			isa = XCConfigurationList;
			buildConfigurations = (
				F46FDA1E1C5FDC500087B35C /* Debug */,
				F46FDA1F1C5FDC500087B35C /* Release */,
			);
			defaultConfigurationIsVisible = 0;
			defaultConfigurationName = Release;
		};
		F46FDA201C5FDC500087B35C /* Build configuration list for PBXNativeTarget "LS10_Project" */ = {
			isa = XCConfigurationList;
			buildConfigurations = (
				F46FDA211C5FDC500087B35C /* Debug */,
				F46FDA221C5FDC500087B35C /* Release */,
			);
			defaultConfigurationIsVisible = 0;
			defaultConfigurationName = Release;
		};
/* End XCConfigurationList section */

/* Begin XCVersionGroup section */
		F46FDA151C5FDC4C0087B35C /* LS_Layout.xcdatamodeld */ = {
			isa = XCVersionGroup;
			children = (
				F46FDA161C5FDC4C0087B35C /* LS_Layout.xcdatamodel */,
			);
			currentVersion = F46FDA161C5FDC4C0087B35C /* LS_Layout.xcdatamodel */;
			path = LS_Layout.xcdatamodeld;
			sourceTree = "<group>";
			versionGroupType = wrapper.xcdatamodel;
		};
/* End XCVersionGroup section */
	};
	rootObject = F46FDA031C5FDC430087B35C /* Project object */;
}
